{
	"lucicfg": "1.46.2",
	"packages": [
		{
			"name": "@dawn-project",
			"deps": [
				"@chromium-luci",
				"@chromium-targets"
			],
			"lucicfg": "1.45.6",
			"resources": [
				"milestones.json"
			],
			"entrypoints": [
				"main.star"
			]
		},
		{
			"name": "@chromium-luci",
			"source": {
				"repo": "https://chromium.googlesource.com/infra/chromium/+/refs/heads/main",
				"revision": "31c5420c99c320603429ad3bde362ec935cb5c78",
				"path": "starlark-libs/chromium-luci"
			},
			"lucicfg": "1.46.1"
		},
		{
			"name": "@chromium-targets",
			"source": {
				"repo": "https://chromium.googlesource.com/chromium/src/+/refs/heads/main",
				"revision": "c8fb3065f8298a1e27cb02493463609c90f556d9",
				"path": "infra/config/targets"
			},
			"deps": [
				"@chromium-luci"
			],
			"lucicfg": "1.46.1"
		}
	]
}
