{
	"lucicfg": "1.46.1",
	"packages": [
		{
			"name": "@dawn-project",
			"deps": [
				"@chromium-luci",
				"@chromium-targets"
			],
			"lucicfg": "1.45.6",
			"resources": [
				"milestones.json"
			],
			"entrypoints": [
				"main.star"
			]
		},
		{
			"name": "@chromium-luci",
			"source": {
				"repo": "https://chromium.googlesource.com/infra/chromium/+/refs/heads/main",
				"revision": "f1d2f94d467c4e8b179e06eb5c0ffbf511b5761c",
				"path": "starlark-libs/chromium-luci"
			},
			"lucicfg": "1.46.1"
		},
		{
			"name": "@chromium-targets",
			"source": {
				"repo": "https://chromium.googlesource.com/chromium/src/+/refs/heads/main",
				"revision": "10451dc13917d3f9843789ebf00e73304a4a17e4",
				"path": "infra/config/targets"
			},
			"deps": [
				"@chromium-luci"
			],
			"lucicfg": "1.46.1"
		}
	]
}
